Microsoft Visual Studio Solution File, Format Version 12.00
# Visual Studio Version 16
VisualStudioVersion = 16.0.30114.105
MinimumVisualStudioVersion = 10.0.40219.1
Project("{2150E333-8FDC-42A3-9474-1A3956D46DE8}") = "src", "src", "{DEFE4BBB-45E9-4931-AFD2-C72A9B9CF91D}"
EndProject
Project("{FAE04EC0-301F-11D3-BF4B-00C04F79EFBC}") = "Manager.API", "src\1-Manager.API\Manager.API.csproj", "{8EABA613-546F-4B95-A69C-FBA0EB9848B7}"
EndProject
Project("{FAE04EC0-301F-11D3-BF4B-00C04F79EFBC}") = "Manager.Domain", "src\2-Manager.Domain\Manager.Domain.csproj", "{D4CBF8F4-1E46-4E48-B002-3B3B9A3FD904}"
EndProject
Project("{FAE04EC0-301F-11D3-BF4B-00C04F79EFBC}") = "Manager.Services", "src\3-Manager.Services\Manager.Services.csproj", "{A174CF86-0D5A-4B7E-9790-3527A1972A5A}"
EndProject
Project("{FAE04EC0-301F-11D3-BF4B-00C04F79EFBC}") = "Manager.Infra", "src\4-Manager.Infra\Manager.Infra.csproj", "{D1B47F25-A6EA-4926-A894-5193F8DE74A7}"
EndProject
Project("{FAE04EC0-301F-11D3-BF4B-00C04F79EFBC}") = "Manager.Core", "src\5-Manager.Core\Manager.Core.csproj", "{909F5BCC-6C84-46F6-9F59-93076A6CF036}"
EndProject
Global
	GlobalSection(SolutionConfigurationPlatforms) = preSolution
		Debug|Any CPU = Debug|Any CPU
		Debug|x64 = Debug|x64
		Debug|x86 = Debug|x86
		Release|Any CPU = Release|Any CPU
		Release|x64 = Release|x64
		Release|x86 = Release|x86
	EndGlobalSection
	GlobalSection(SolutionProperties) = preSolution
		HideSolutionNode = FALSE
	EndGlobalSection
	GlobalSection(ProjectConfigurationPlatforms) = postSolution
		{8EABA613-546F-4B95-A69C-FBA0EB9848B7}.Debug|Any CPU.ActiveCfg = Debug|Any CPU
		{8EABA613-546F-4B95-A69C-FBA0EB9848B7}.Debug|Any CPU.Build.0 = Debug|Any CPU
		{8EABA613-546F-4B95-A69C-FBA0EB9848B7}.Debug|x64.ActiveCfg = Debug|Any CPU
		{8EABA613-546F-4B95-A69C-FBA0EB9848B7}.Debug|x64.Build.0 = Debug|Any CPU
		{8EABA613-546F-4B95-A69C-FBA0EB9848B7}.Debug|x86.ActiveCfg = Debug|Any CPU
		{8EABA613-546F-4B95-A69C-FBA0EB9848B7}.Debug|x86.Build.0 = Debug|Any CPU
		{8EABA613-546F-4B95-A69C-FBA0EB9848B7}.Release|Any CPU.ActiveCfg = Release|Any CPU
		{8EABA613-546F-4B95-A69C-FBA0EB9848B7}.Release|Any CPU.Build.0 = Release|Any CPU
		{8EABA613-546F-4B95-A69C-FBA0EB9848B7}.Release|x64.ActiveCfg = Release|Any CPU
		{8EABA613-546F-4B95-A69C-FBA0EB9848B7}.Release|x64.Build.0 = Release|Any CPU
		{8EABA613-546F-4B95-A69C-FBA0EB9848B7}.Release|x86.ActiveCfg = Release|Any CPU
		{8EABA613-546F-4B95-A69C-FBA0EB9848B7}.Release|x86.Build.0 = Release|Any CPU
		{D4CBF8F4-1E46-4E48-B002-3B3B9A3FD904}.Debug|Any CPU.ActiveCfg = Debug|Any CPU
		{D4CBF8F4-1E46-4E48-B002-3B3B9A3FD904}.Debug|Any CPU.Build.0 = Debug|Any CPU
		{D4CBF8F4-1E46-4E48-B002-3B3B9A3FD904}.Debug|x64.ActiveCfg = Debug|Any CPU
		{D4CBF8F4-1E46-4E48-B002-3B3B9A3FD904}.Debug|x64.Build.0 = Debug|Any CPU
		{D4CBF8F4-1E46-4E48-B002-3B3B9A3FD904}.Debug|x86.ActiveCfg = Debug|Any CPU
		{D4CBF8F4-1E46-4E48-B002-3B3B9A3FD904}.Debug|x86.Build.0 = Debug|Any CPU
		{D4CBF8F4-1E46-4E48-B002-3B3B9A3FD904}.Release|Any CPU.ActiveCfg = Release|Any CPU
		{D4CBF8F4-1E46-4E48-B002-3B3B9A3FD904}.Release|Any CPU.Build.0 = Release|Any CPU
		{D4CBF8F4-1E46-4E48-B002-3B3B9A3FD904}.Release|x64.ActiveCfg = Release|Any CPU
		{D4CBF8F4-1E46-4E48-B002-3B3B9A3FD904}.Release|x64.Build.0 = Release|Any CPU
		{D4CBF8F4-1E46-4E48-B002-3B3B9A3FD904}.Release|x86.ActiveCfg = Release|Any CPU
		{D4CBF8F4-1E46-4E48-B002-3B3B9A3FD904}.Release|x86.Build.0 = Release|Any CPU
		{A174CF86-0D5A-4B7E-9790-3527A1972A5A}.Debug|Any CPU.ActiveCfg = Debug|Any CPU
		{A174CF86-0D5A-4B7E-9790-3527A1972A5A}.Debug|Any CPU.Build.0 = Debug|Any CPU
		{A174CF86-0D5A-4B7E-9790-3527A1972A5A}.Debug|x64.ActiveCfg = Debug|Any CPU
		{A174CF86-0D5A-4B7E-9790-3527A1972A5A}.Debug|x64.Build.0 = Debug|Any CPU
		{A174CF86-0D5A-4B7E-9790-3527A1972A5A}.Debug|x86.ActiveCfg = Debug|Any CPU
		{A174CF86-0D5A-4B7E-9790-3527A1972A5A}.Debug|x86.Build.0 = Debug|Any CPU
		{A174CF86-0D5A-4B7E-9790-3527A1972A5A}.Release|Any CPU.ActiveCfg = Release|Any CPU
		{A174CF86-0D5A-4B7E-9790-3527A1972A5A}.Release|Any CPU.Build.0 = Release|Any CPU
		{A174CF86-0D5A-4B7E-9790-3527A1972A5A}.Release|x64.ActiveCfg = Release|Any CPU
		{A174CF86-0D5A-4B7E-9790-3527A1972A5A}.Release|x64.Build.0 = Release|Any CPU
		{A174CF86-0D5A-4B7E-9790-3527A1972A5A}.Release|x86.ActiveCfg = Release|Any CPU
		{A174CF86-0D5A-4B7E-9790-3527A1972A5A}.Release|x86.Build.0 = Release|Any CPU
		{D1B47F25-A6EA-4926-A894-5193F8DE74A7}.Debug|Any CPU.ActiveCfg = Debug|Any CPU
		{D1B47F25-A6EA-4926-A894-5193F8DE74A7}.Debug|Any CPU.Build.0 = Debug|Any CPU
		{D1B47F25-A6EA-4926-A894-5193F8DE74A7}.Debug|x64.ActiveCfg = Debug|Any CPU
		{D1B47F25-A6EA-4926-A894-5193F8DE74A7}.Debug|x64.Build.0 = Debug|Any CPU
		{D1B47F25-A6EA-4926-A894-5193F8DE74A7}.Debug|x86.ActiveCfg = Debug|Any CPU
		{D1B47F25-A6EA-4926-A894-5193F8DE74A7}.Debug|x86.Build.0 = Debug|Any CPU
		{D1B47F25-A6EA-4926-A894-5193F8DE74A7}.Release|Any CPU.ActiveCfg = Release|Any CPU
		{D1B47F25-A6EA-4926-A894-5193F8DE74A7}.Release|Any CPU.Build.0 = Release|Any CPU
		{D1B47F25-A6EA-4926-A894-5193F8DE74A7}.Release|x64.ActiveCfg = Release|Any CPU
		{D1B47F25-A6EA-4926-A894-5193F8DE74A7}.Release|x64.Build.0 = Release|Any CPU
		{D1B47F25-A6EA-4926-A894-5193F8DE74A7}.Release|x86.ActiveCfg = Release|Any CPU
		{D1B47F25-A6EA-4926-A894-5193F8DE74A7}.Release|x86.Build.0 = Release|Any CPU
		{909F5BCC-6C84-46F6-9F59-93076A6CF036}.Debug|Any CPU.ActiveCfg = Debug|Any CPU
		{909F5BCC-6C84-46F6-9F59-93076A6CF036}.Debug|Any CPU.Build.0 = Debug|Any CPU
		{909F5BCC-6C84-46F6-9F59-93076A6CF036}.Debug|x64.ActiveCfg = Debug|Any CPU
		{909F5BCC-6C84-46F6-9F59-93076A6CF036}.Debug|x64.Build.0 = Debug|Any CPU
		{909F5BCC-6C84-46F6-9F59-93076A6CF036}.Debug|x86.ActiveCfg = Debug|Any CPU
		{909F5BCC-6C84-46F6-9F59-93076A6CF036}.Debug|x86.Build.0 = Debug|Any CPU
		{909F5BCC-6C84-46F6-9F59-93076A6CF036}.Release|Any CPU.ActiveCfg = Release|Any CPU
		{909F5BCC-6C84-46F6-9F59-93076A6CF036}.Release|Any CPU.Build.0 = Release|Any CPU
		{909F5BCC-6C84-46F6-9F59-93076A6CF036}.Release|x64.ActiveCfg = Release|Any CPU
		{909F5BCC-6C84-46F6-9F59-93076A6CF036}.Release|x64.Build.0 = Release|Any CPU
		{909F5BCC-6C84-46F6-9F59-93076A6CF036}.Release|x86.ActiveCfg = Release|Any CPU
		{909F5BCC-6C84-46F6-9F59-93076A6CF036}.Release|x86.Build.0 = Release|Any CPU
	EndGlobalSection
	GlobalSection(NestedProjects) = preSolution
		{8EABA613-546F-4B95-A69C-FBA0EB9848B7} = {DEFE4BBB-45E9-4931-AFD2-C72A9B9CF91D}
		{D4CBF8F4-1E46-4E48-B002-3B3B9A3FD904} = {DEFE4BBB-45E9-4931-AFD2-C72A9B9CF91D}
		{A174CF86-0D5A-4B7E-9790-3527A1972A5A} = {DEFE4BBB-45E9-4931-AFD2-C72A9B9CF91D}
		{D1B47F25-A6EA-4926-A894-5193F8DE74A7} = {DEFE4BBB-45E9-4931-AFD2-C72A9B9CF91D}
		{909F5BCC-6C84-46F6-9F59-93076A6CF036} = {DEFE4BBB-45E9-4931-AFD2-C72A9B9CF91D}
	EndGlobalSection
EndGlobal
